
Microsoft Visual Studio Solution File, Format Version 12.00
# Visual Studio Version 17
VisualStudioVersion = 17.11.35222.181
MinimumVisualStudioVersion = 10.0.40219.1
Project("{9A19103F-16F7-4668-BE54-9A1E7A4F7556}") = "lab1", "lab1\lab1.csproj", "{BC626BD6-D50F-4575-AAEB-6DB8CA380EC1}"
EndProject
Project("{9A19103F-16F7-4668-BE54-9A1E7A4F7556}") = "lab2", "lab2\lab2.csproj", "{483F2CA8-7FF7-4A5D-8C5D-C900A268403A}"
EndProject
Global
	GlobalSection(SolutionConfigurationPlatforms) = preSolution
		Debug|Any CPU = Debug|Any CPU
		Release|Any CPU = Release|Any CPU
	EndGlobalSection
	GlobalSection(ProjectConfigurationPlatforms) = postSolution
		{BC626BD6-D50F-4575-AAEB-6DB8CA380EC1}.Debug|Any CPU.ActiveCfg = Debug|Any CPU
		{BC626BD6-D50F-4575-AAEB-6DB8CA380EC1}.Debug|Any CPU.Build.0 = Debug|Any CPU
		{BC626BD6-D50F-4575-AAEB-6DB8CA380EC1}.Release|Any CPU.ActiveCfg = Release|Any CPU
		{BC626BD6-D50F-4575-AAEB-6DB8CA380EC1}.Release|Any CPU.Build.0 = Release|Any CPU
		{483F2CA8-7FF7-4A5D-8C5D-C900A268403A}.Debug|Any CPU.ActiveCfg = Debug|Any CPU
		{483F2CA8-7FF7-4A5D-8C5D-C900A268403A}.Debug|Any CPU.Build.0 = Debug|Any CPU
		{483F2CA8-7FF7-4A5D-8C5D-C900A268403A}.Release|Any CPU.ActiveCfg = Release|Any CPU
		{483F2CA8-7FF7-4A5D-8C5D-C900A268403A}.Release|Any CPU.Build.0 = Release|Any CPU
	EndGlobalSection
	GlobalSection(SolutionProperties) = preSolution
		HideSolutionNode = FALSE
	EndGlobalSection
	GlobalSection(ExtensibilityGlobals) = postSolution
		SolutionGuid = {A45D4482-2916-4E85-BF5C-201E245D37B4}
	EndGlobalSection
EndGlobal
